
Microsoft Visual Studio Solution File, Format Version 12.00
# Visual Studio Version 17
VisualStudioVersion = 17.4.33213.308
MinimumVisualStudioVersion = 10.0.40219.1
Project("{9A19103F-16F7-4668-BE54-9A1E7A4F7556}") = "BoardGamesRanking", "BoardGamesRanking\BoardGamesRanking.csproj", "{17685777-0EF8-4DB7-9960-782D8C7B44DE}"
EndProject
Project("{9A19103F-16F7-4668-BE54-9A1E7A4F7556}") = "BoardGamesRanking.Tests", "BoardGamesRanking.Tests\BoardGamesRanking.Tests.csproj", "{1FBDE978-0D3D-404A-BB06-54608F6DD7DB}"
EndProject
Global
	GlobalSection(SolutionConfigurationPlatforms) = preSolution
		Debug|Any CPU = Debug|Any CPU
		Release|Any CPU = Release|Any CPU
	EndGlobalSection
	GlobalSection(ProjectConfigurationPlatforms) = postSolution
		{17685777-0EF8-4DB7-9960-782D8C7B44DE}.Debug|Any CPU.ActiveCfg = Debug|Any CPU
		{17685777-0EF8-4DB7-9960-782D8C7B44DE}.Debug|Any CPU.Build.0 = Debug|Any CPU
		{17685777-0EF8-4DB7-9960-782D8C7B44DE}.Release|Any CPU.ActiveCfg = Release|Any CPU
		{17685777-0EF8-4DB7-9960-782D8C7B44DE}.Release|Any CPU.Build.0 = Release|Any CPU
		{1FBDE978-0D3D-404A-BB06-54608F6DD7DB}.Debug|Any CPU.ActiveCfg = Debug|Any CPU
		{1FBDE978-0D3D-404A-BB06-54608F6DD7DB}.Debug|Any CPU.Build.0 = Debug|Any CPU
		{1FBDE978-0D3D-404A-BB06-54608F6DD7DB}.Release|Any CPU.ActiveCfg = Release|Any CPU
		{1FBDE978-0D3D-404A-BB06-54608F6DD7DB}.Release|Any CPU.Build.0 = Release|Any CPU
	EndGlobalSection
	GlobalSection(SolutionProperties) = preSolution
		HideSolutionNode = FALSE
	EndGlobalSection
	GlobalSection(ExtensibilityGlobals) = postSolution
		SolutionGuid = {8369A577-6E48-42A5-96FB-707D514704EF}
	EndGlobalSection
EndGlobal
